
Microsoft Visual Studio Solution File, Format Version 12.00
# Visual Studio Version 16
VisualStudioVersion = 16.0.31005.135
MinimumVisualStudioVersion = 10.0.40219.1
Project("{9A19103F-16F7-4668-BE54-9A1E7A4F7556}") = "Virtualmind.Api", "src\Virtualmind.Api\Virtualmind.Api.csproj", "{90B138ED-1BD3-49E0-807A-10E1496C9679}"
EndProject
Project("{FAE04EC0-301F-11D3-BF4B-00C04F79EFBC}") = "XUnitTestProject", "XUnitTestProject\XUnitTestProject.csproj", "{A425AEB1-555F-45EF-9707-6C8C7DF0557E}"
EndProject
Global
	GlobalSection(SolutionConfigurationPlatforms) = preSolution
		Debug|Any CPU = Debug|Any CPU
		Release|Any CPU = Release|Any CPU
	EndGlobalSection
	GlobalSection(ProjectConfigurationPlatforms) = postSolution
		{90B138ED-1BD3-49E0-807A-10E1496C9679}.Debug|Any CPU.ActiveCfg = Debug|Any CPU
		{90B138ED-1BD3-49E0-807A-10E1496C9679}.Debug|Any CPU.Build.0 = Debug|Any CPU
		{90B138ED-1BD3-49E0-807A-10E1496C9679}.Release|Any CPU.ActiveCfg = Release|Any CPU
		{90B138ED-1BD3-49E0-807A-10E1496C9679}.Release|Any CPU.Build.0 = Release|Any CPU
		{A425AEB1-555F-45EF-9707-6C8C7DF0557E}.Debug|Any CPU.ActiveCfg = Debug|Any CPU
		{A425AEB1-555F-45EF-9707-6C8C7DF0557E}.Debug|Any CPU.Build.0 = Debug|Any CPU
		{A425AEB1-555F-45EF-9707-6C8C7DF0557E}.Release|Any CPU.ActiveCfg = Release|Any CPU
		{A425AEB1-555F-45EF-9707-6C8C7DF0557E}.Release|Any CPU.Build.0 = Release|Any CPU
	EndGlobalSection
	GlobalSection(SolutionProperties) = preSolution
		HideSolutionNode = FALSE
	EndGlobalSection
	GlobalSection(ExtensibilityGlobals) = postSolution
		SolutionGuid = {4BDF6F71-AA90-43F7-85E2-890684115FE5}
	EndGlobalSection
EndGlobal
